{
  "version": 4,
  "terraform_version": "1.5.7",
  "serial": 24,
  "lineage": "33fc945b-5dbc-3cc2-5333-344a79fb33a2",
  "outputs": {},
  "resources": [
    {
      "mode": "managed",
      "type": "github_actions_secret",
      "name": "repo_secrets",
      "provider": "provider[\"registry.terraform.io/integrations/github\"]",
      "instances": [
        {
          "index_key": "DB_APP_SERVICE_NAME",
          "schema_version": 0,
          "attributes": {
            "created_at": "2026-07-26 23:13:58 +0000 UTC",
            "encrypted_value": "",
            "id": "kc_expressjs_mongo_app:DB_APP_SERVICE_NAME",
            "plaintext_value": "db_app",
            "repository": "kc_expressjs_mongo_app",
            "secret_name": "DB_APP_SERVICE_NAME",
            "updated_at": "2026-07-26 23:13:58 +0000 UTC"
          },
          "sensitive_attributes": [],
          "private": "bnVsbA=="
        },
        {
          "index_key": "DB_NAME",
          "schema_version": 0,
          "attributes": {
            "created_at": "2026-07-26 23:13:42 +0000 UTC",
            "encrypted_value": "",
            "id": "kc_expressjs_mongo_app:DB_NAME",
            "plaintext_value": "mynodejsapp",
            "repository": "kc_expressjs_mongo_app",
            "secret_name": "DB_NAME",
            "updated_at": "2026-07-26 23:13:42 +0000 UTC"
          },
          "sensitive_attributes": [],
          "private": "bnVsbA=="
        },
        {
          "index_key": "DB_PASSWORD",
          "schema_version": 0,
          "attributes": {
            "created_at": "2026-07-26 23:13:35 +0000 UTC",
            "encrypted_value": "",
            "id": "kc_expressjs_mongo_app:DB_PASSWORD",
            "plaintext_value": "admin",
            "repository": "kc_expressjs_mongo_app",
            "secret_name": "DB_PASSWORD",
            "updated_at": "2026-07-26 23:13:35 +0000 UTC"
          },
          "sensitive_attributes": [],
          "private": "bnVsbA=="
        },
        {
          "index_key": "DB_PORT",
          "schema_version": 0,
          "attributes": {
            "created_at": "2026-07-26 23:13:57 +0000 UTC",
            "encrypted_value": "",
            "id": "kc_expressjs_mongo_app:DB_PORT",
            "plaintext_value": "27017",
            "repository": "kc_expressjs_mongo_app",
            "secret_name": "DB_PORT",
            "updated_at": "2026-07-26 23:13:57 +0000 UTC"
          },
          "sensitive_attributes": [],
          "private": "bnVsbA=="
        },
        {
          "index_key": "DB_USER",
          "schema_version": 0,
          "attributes": {
            "created_at": "2026-07-26 23:14:04 +0000 UTC",
            "encrypted_value": "",
            "id": "kc_expressjs_mongo_app:DB_USER",
            "plaintext_value": "testdb",
            "repository": "kc_expressjs_mongo_app",
            "secret_name": "DB_USER",
            "updated_at": "2026-07-26 23:14:04 +0000 UTC"
          },
          "sensitive_attributes": [],
          "private": "bnVsbA=="
        },
        {
          "index_key": "DEV_LOCALHOST",
          "schema_version": 0,
          "attributes": {
            "created_at": "2026-07-26 23:14:05 +0000 UTC",
            "encrypted_value": "",
            "id": "kc_expressjs_mongo_app:DEV_LOCALHOST",
            "plaintext_value": "localhost:4000",
            "repository": "kc_expressjs_mongo_app",
            "secret_name": "DEV_LOCALHOST",
            "updated_at": "2026-07-26 23:14:05 +0000 UTC"
          },
          "sensitive_attributes": [],
          "private": "bnVsbA=="
        },
        {
          "index_key": "FRONTEND_DOMAIN_NAME",
          "schema_version": 0,
          "attributes": {
            "created_at": "2026-07-26 21:58:39 +0000 UTC",
            "encrypted_value": "",
            "id": "kc_expressjs_mongo_app:FRONTEND_DOMAIN_NAME",
            "plaintext_value": "https://18.221.18.219:4000",
            "repository": "kc_expressjs_mongo_app",
            "secret_name": "FRONTEND_DOMAIN_NAME",
            "updated_at": "2026-07-26 23:13:56 +0000 UTC"
          },
          "sensitive_attributes": [],
          "private": "bnVsbA=="
        },
        {
          "index_key": "HOST_MACHINE",
          "schema_version": 0,
          "attributes": {
            "created_at": "2026-07-26 23:13:36 +0000 UTC",
            "encrypted_value": "",
            "id": "kc_expressjs_mongo_app:HOST_MACHINE",
            "plaintext_value": "localhost",
            "repository": "kc_expressjs_mongo_app",
            "secret_name": "HOST_MACHINE",
            "updated_at": "2026-07-26 23:13:36 +0000 UTC"
          },
          "sensitive_attributes": [],
          "private": "bnVsbA=="
        },
        {
          "index_key": "KC_ADMIN_DOMAIN_NAME",
          "schema_version": 0,
          "attributes": {
            "created_at": "2026-07-26 21:58:56 +0000 UTC",
            "encrypted_value": "",
            "id": "kc_expressjs_mongo_app:KC_ADMIN_DOMAIN_NAME",
            "plaintext_value": "https://18.221.18.219:8443",
            "repository": "kc_expressjs_mongo_app",
            "secret_name": "KC_ADMIN_DOMAIN_NAME",
            "updated_at": "2026-07-26 23:13:38 +0000 UTC"
          },
          "sensitive_attributes": [],
          "private": "bnVsbA=="
        },
        {
          "index_key": "KC_AUDIENCE",
          "schema_version": 0,
          "attributes": {
            "created_at": "2026-07-26 23:13:59 +0000 UTC",
            "encrypted_value": "",
            "id": "kc_expressjs_mongo_app:KC_AUDIENCE",
            "plaintext_value": "https_localhost_client_id",
            "repository": "kc_expressjs_mongo_app",
            "secret_name": "KC_AUDIENCE",
            "updated_at": "2026-07-26 23:13:59 +0000 UTC"
          },
          "sensitive_attributes": [],
          "private": "bnVsbA=="
        },
        {
          "index_key": "KC_PORT",
          "schema_version": 0,
          "attributes": {
            "created_at": "2026-07-26 21:59:17 +0000 UTC",
            "encrypted_value": "",
            "id": "kc_expressjs_mongo_app:KC_PORT",
            "plaintext_value": "8443",
            "repository": "kc_expressjs_mongo_app",
            "secret_name": "KC_PORT",
            "updated_at": "2026-07-26 23:14:02 +0000 UTC"
          },
          "sensitive_attributes": [],
          "private": "bnVsbA=="
        },
        {
          "index_key": "KC_REALMS_NAME",
          "schema_version": 0,
          "attributes": {
            "created_at": "2026-07-26 21:59:37 +0000 UTC",
            "encrypted_value": "",
            "id": "kc_expressjs_mongo_app:KC_REALMS_NAME",
            "plaintext_value": "HTTPs_localhost_realm",
            "repository": "kc_expressjs_mongo_app",
            "secret_name": "KC_REALMS_NAME",
            "updated_at": "2026-07-26 23:13:34 +0000 UTC"
          },
          "sensitive_attributes": [],
          "private": "bnVsbA=="
        },
        {
          "index_key": "ME_PASSWORD",
          "schema_version": 0,
          "attributes": {
            "created_at": "2026-07-26 23:13:52 +0000 UTC",
            "encrypted_value": "",
            "id": "kc_expressjs_mongo_app:ME_PASSWORD",
            "plaintext_value": "admin",
            "repository": "kc_expressjs_mongo_app",
            "secret_name": "ME_PASSWORD",
            "updated_at": "2026-07-26 23:13:52 +0000 UTC"
          },
          "sensitive_attributes": [],
          "private": "bnVsbA=="
        },
        {
          "index_key": "ME_USERNAME",
          "schema_version": 0,
          "attributes": {
            "created_at": "2026-07-26 23:13:50 +0000 UTC",
            "encrypted_value": "",
            "id": "kc_expressjs_mongo_app:ME_USERNAME",
            "plaintext_value": "admin",
            "repository": "kc_expressjs_mongo_app",
            "secret_name": "ME_USERNAME",
            "updated_at": "2026-07-26 23:13:50 +0000 UTC"
          },
          "sensitive_attributes": [],
          "private": "bnVsbA=="
        },
        {
          "index_key": "MONGODB_DB",
          "schema_version": 0,
          "attributes": {
            "created_at": "2026-07-26 23:13:37 +0000 UTC",
            "encrypted_value": "",
            "id": "kc_expressjs_mongo_app:MONGODB_DB",
            "plaintext_value": "blog",
            "repository": "kc_expressjs_mongo_app",
            "secret_name": "MONGODB_DB",
            "updated_at": "2026-07-26 23:13:37 +0000 UTC"
          },
          "sensitive_attributes": [],
          "private": "bnVsbA=="
        },
        {
          "index_key": "MONGODB_URL",
          "schema_version": 0,
          "attributes": {
            "created_at": "2026-07-26 23:13:41 +0000 UTC",
            "encrypted_value": "",
            "id": "kc_expressjs_mongo_app:MONGODB_URL",
            "plaintext_value": "mongodb://root:admin@mongo:27017/mynodejsapp?authSource=admin",
            "repository": "kc_expressjs_mongo_app",
            "secret_name": "MONGODB_URL",
            "updated_at": "2026-07-26 23:13:41 +0000 UTC"
          },
          "sensitive_attributes": [],
          "private": "bnVsbA=="
        },
        {
          "index_key": "MONGO_DATABASE",
          "schema_version": 0,
          "attributes": {
            "created_at": "2026-07-26 23:13:44 +0000 UTC",
            "encrypted_value": "",
            "id": "kc_expressjs_mongo_app:MONGO_DATABASE",
            "plaintext_value": "db_name",
            "repository": "kc_expressjs_mongo_app",
            "secret_name": "MONGO_DATABASE",
            "updated_at": "2026-07-26 23:13:44 +0000 UTC"
          },
          "sensitive_attributes": [],
          "private": "bnVsbA=="
        },
        {
          "index_key": "MONGO_HOST",
          "schema_version": 0,
          "attributes": {
            "created_at": "2026-07-26 23:13:53 +0000 UTC",
            "encrypted_value": "",
            "id": "kc_expressjs_mongo_app:MONGO_HOST",
            "plaintext_value": "mongo",
            "repository": "kc_expressjs_mongo_app",
            "secret_name": "MONGO_HOST",
            "updated_at": "2026-07-26 23:13:53 +0000 UTC"
          },
          "sensitive_attributes": [],
          "private": "bnVsbA=="
        },
        {
          "index_key": "MONGO_PASSWORD",
          "schema_version": 0,
          "attributes": {
            "created_at": "2026-07-26 23:13:48 +0000 UTC",
            "encrypted_value": "",
            "id": "kc_expressjs_mongo_app:MONGO_PASSWORD",
            "plaintext_value": "admin",
            "repository": "kc_expressjs_mongo_app",
            "secret_name": "MONGO_PASSWORD",
            "updated_at": "2026-07-26 23:13:48 +0000 UTC"
          },
          "sensitive_attributes": [],
          "private": "bnVsbA=="
        },
        {
          "index_key": "MONGO_PORT",
          "schema_version": 0,
          "attributes": {
            "created_at": "2026-07-26 23:13:43 +0000 UTC",
            "encrypted_value": "",
            "id": "kc_expressjs_mongo_app:MONGO_PORT",
            "plaintext_value": "27017",
            "repository": "kc_expressjs_mongo_app",
            "secret_name": "MONGO_PORT",
            "updated_at": "2026-07-26 23:13:43 +0000 UTC"
          },
          "sensitive_attributes": [],
          "private": "bnVsbA=="
        },
        {
          "index_key": "MONGO_USERNAME",
          "schema_version": 0,
          "attributes": {
            "created_at": "2026-07-26 23:13:40 +0000 UTC",
            "encrypted_value": "",
            "id": "kc_expressjs_mongo_app:MONGO_USERNAME",
            "plaintext_value": "root",
            "repository": "kc_expressjs_mongo_app",
            "secret_name": "MONGO_USERNAME",
            "updated_at": "2026-07-26 23:13:40 +0000 UTC"
          },
          "sensitive_attributes": [],
          "private": "bnVsbA=="
        },
        {
          "index_key": "NODE_PORT",
          "schema_version": 0,
          "attributes": {
            "created_at": "2026-07-26 23:13:51 +0000 UTC",
            "encrypted_value": "",
            "id": "kc_expressjs_mongo_app:NODE_PORT",
            "plaintext_value": "3000",
            "repository": "kc_expressjs_mongo_app",
            "secret_name": "NODE_PORT",
            "updated_at": "2026-07-26 23:13:51 +0000 UTC"
          },
          "sensitive_attributes": [],
          "private": "bnVsbA=="
        },
        {
          "index_key": "NODE_USER",
          "schema_version": 0,
          "attributes": {
            "created_at": "2026-07-26 23:13:55 +0000 UTC",
            "encrypted_value": "",
            "id": "kc_expressjs_mongo_app:NODE_USER",
            "plaintext_value": "node",
            "repository": "kc_expressjs_mongo_app",
            "secret_name": "NODE_USER",
            "updated_at": "2026-07-26 23:13:55 +0000 UTC"
          },
          "sensitive_attributes": [],
          "private": "bnVsbA=="
        }
      ]
    }
  ],
  "check_results": null
}
